github.com/asperepelov/goHello v1.0.4 h1:JMdGO0yHbUYc/MGehsJ1RUVgKTE7VF/E9hTyhq1iuQY=
github.com/asperepelov/goHello v1.0.4/go.mod h1:/buoHxnzDBqai0TSsGTFbYf1C9SaxL+Sh4LBYhzQ8I4=
github.com/asperepelov/goHello/v2 v2.0.2 h1:p5bRwY3MakOs8DfxgLZiijEHTURIyY5hbap3qnWZ/3A=
github.com/asperepelov/goHello/v2 v2.0.2/go.mod h1:SVwsj9XCjxG2DokMQPidei2nXAkse3SrQoz+j3DB+mc=
